
Microsoft Visual Studio Solution File, Format Version 11.00
# Visual Studio 2010
Project("{FAE04EC0-301F-11D3-BF4B-00C04F79EFBC}") = "InfoStrat.MotionFx", "InfoStrat.MotionFx\InfoStrat.MotionFx.csproj", "{531A5CAF-6FE7-4C9B-9DD9-B56143E139BA}"
EndProject
Project("{2150E333-8FDC-42A3-9474-1A3956D46DE8}") = "external", "external", "{1AA48D5B-6A4B-4CA9-9CE7-6D548EA69D3E}"
	ProjectSection(SolutionItems) = preProject
		external\Blake.NUI.WPF.dll = external\Blake.NUI.WPF.dll
		external\Blake.NUI.WPF.SurfaceToolkit.dll = external\Blake.NUI.WPF.SurfaceToolkit.dll
		external\DirectCanvas.dll = external\DirectCanvas.dll
		external\DirectShowLib-2005.dll = external\DirectShowLib-2005.dll
		external\GalaSoft.MvvmLight.Extras.WPF4.dll = external\GalaSoft.MvvmLight.Extras.WPF4.dll
		external\GalaSoft.MvvmLight.WPF4.dll = external\GalaSoft.MvvmLight.WPF4.dll
		external\InfoStrat.VE.dll = external\InfoStrat.VE.dll
		external\InfoStrat.VE.WPFTouch.dll = external\InfoStrat.VE.WPFTouch.dll
		external\Microsoft.Expression.Drawing.dll = external\Microsoft.Expression.Drawing.dll
		external\Microsoft.Expression.Interactions.dll = external\Microsoft.Expression.Interactions.dll
		external\openNI.dll = external\openNI.dll
		external\OpenNI.net.dll = external\OpenNI.net.dll
		external\SlimDX.dll = external\SlimDX.dll
		external\System.Windows.Interactivity.dll = external\System.Windows.Interactivity.dll
	EndProjectSection
EndProject
Project("{2150E333-8FDC-42A3-9474-1A3956D46DE8}") = "Surface v1.5", "Surface v1.5", "{2BF1E910-550F-47ED-9242-50E1CB22C63B}"
	ProjectSection(SolutionItems) = preProject
		external\Surface v1.5\Microsoft.Surface.Presentation.dll = external\Surface v1.5\Microsoft.Surface.Presentation.dll
		external\Surface v1.5\Microsoft.Surface.Presentation.Generic.dll = external\Surface v1.5\Microsoft.Surface.Presentation.Generic.dll
	EndProjectSection
EndProject
Project("{FAE04EC0-301F-11D3-BF4B-00C04F79EFBC}") = "HandTesting", "HandTesting\HandTesting.csproj", "{B0D7026A-FE0C-44D6-BCE8-BF45857727E7}"
EndProject
Project("{2150E333-8FDC-42A3-9474-1A3956D46DE8}") = "data", "data", "{E0B85321-2BF5-4861-9350-5E003C100557}"
	ProjectSection(SolutionItems) = preProject
		data\openni.xml = data\openni.xml
		skeleton.data = skeleton.data
	EndProjectSection
EndProject
Project("{FAE04EC0-301F-11D3-BF4B-00C04F79EFBC}") = "HandMap", "HandMap\HandMap.csproj", "{0CC30D5C-732D-45F9-A541-B49C266DA23A}"
EndProject
Project("{FAE04EC0-301F-11D3-BF4B-00C04F79EFBC}") = "InfoStrat.MotionFx.Speech", "InfoStrat.MotionFx.Speech\InfoStrat.MotionFx.Speech.csproj", "{0572F11C-04A9-47C7-90BE-BFD14AF269A0}"
EndProject
Global
	GlobalSection(SolutionConfigurationPlatforms) = preSolution
		Debug Minimal|Any CPU = Debug Minimal|Any CPU
		Debug Minimal|Mixed Platforms = Debug Minimal|Mixed Platforms
		Debug Minimal|x64 = Debug Minimal|x64
		Debug Minimal|x86 = Debug Minimal|x86
		Debug No Tests|Any CPU = Debug No Tests|Any CPU
		Debug No Tests|Mixed Platforms = Debug No Tests|Mixed Platforms
		Debug No Tests|x64 = Debug No Tests|x64
		Debug No Tests|x86 = Debug No Tests|x86
		Debug on Surface|Any CPU = Debug on Surface|Any CPU
		Debug on Surface|Mixed Platforms = Debug on Surface|Mixed Platforms
		Debug on Surface|x64 = Debug on Surface|x64
		Debug on Surface|x86 = Debug on Surface|x86
		Debug|Any CPU = Debug|Any CPU
		Debug|Mixed Platforms = Debug|Mixed Platforms
		Debug|x64 = Debug|x64
		Debug|x86 = Debug|x86
		Release No Tests|Any CPU = Release No Tests|Any CPU
		Release No Tests|Mixed Platforms = Release No Tests|Mixed Platforms
		Release No Tests|x64 = Release No Tests|x64
		Release No Tests|x86 = Release No Tests|x86
		Release|Any CPU = Release|Any CPU
		Release|Mixed Platforms = Release|Mixed Platforms
		Release|x64 = Release|x64
		Release|x86 = Release|x86
	EndGlobalSection
	GlobalSection(ProjectConfigurationPlatforms) = postSolution
		{531A5CAF-6FE7-4C9B-9DD9-B56143E139BA}.Debug Minimal|Any CPU.ActiveCfg = Debug|x86
		{531A5CAF-6FE7-4C9B-9DD9-B56143E139BA}.Debug Minimal|Mixed Platforms.ActiveCfg = Debug|x86
		{531A5CAF-6FE7-4C9B-9DD9-B56143E139BA}.Debug Minimal|Mixed Platforms.Build.0 = Debug|x86
		{531A5CAF-6FE7-4C9B-9DD9-B56143E139BA}.Debug Minimal|x64.ActiveCfg = Debug|x86
		{531A5CAF-6FE7-4C9B-9DD9-B56143E139BA}.Debug Minimal|x86.ActiveCfg = Debug|x86
		{531A5CAF-6FE7-4C9B-9DD9-B56143E139BA}.Debug Minimal|x86.Build.0 = Debug|x86
		{531A5CAF-6FE7-4C9B-9DD9-B56143E139BA}.Debug No Tests|Any CPU.ActiveCfg = Debug|x86
		{531A5CAF-6FE7-4C9B-9DD9-B56143E139BA}.Debug No Tests|Mixed Platforms.ActiveCfg = Debug|x86
		{531A5CAF-6FE7-4C9B-9DD9-B56143E139BA}.Debug No Tests|Mixed Platforms.Build.0 = Debug|x86
		{531A5CAF-6FE7-4C9B-9DD9-B56143E139BA}.Debug No Tests|x64.ActiveCfg = Debug|x86
		{531A5CAF-6FE7-4C9B-9DD9-B56143E139BA}.Debug No Tests|x86.ActiveCfg = Debug|x86
		{531A5CAF-6FE7-4C9B-9DD9-B56143E139BA}.Debug No Tests|x86.Build.0 = Debug|x86
		{531A5CAF-6FE7-4C9B-9DD9-B56143E139BA}.Debug on Surface|Any CPU.ActiveCfg = Debug|x86
		{531A5CAF-6FE7-4C9B-9DD9-B56143E139BA}.Debug on Surface|Mixed Platforms.ActiveCfg = Debug|x86
		{531A5CAF-6FE7-4C9B-9DD9-B56143E139BA}.Debug on Surface|Mixed Platforms.Build.0 = Debug|x86
		{531A5CAF-6FE7-4C9B-9DD9-B56143E139BA}.Debug on Surface|x64.ActiveCfg = Debug|x86
		{531A5CAF-6FE7-4C9B-9DD9-B56143E139BA}.Debug on Surface|x86.ActiveCfg = Debug|x86
		{531A5CAF-6FE7-4C9B-9DD9-B56143E139BA}.Debug on Surface|x86.Build.0 = Debug|x86
		{531A5CAF-6FE7-4C9B-9DD9-B56143E139BA}.Debug|Any CPU.ActiveCfg = Debug|x86
		{531A5CAF-6FE7-4C9B-9DD9-B56143E139BA}.Debug|Any CPU.Build.0 = Debug|x86
		{531A5CAF-6FE7-4C9B-9DD9-B56143E139BA}.Debug|Mixed Platforms.ActiveCfg = Debug|x86
		{531A5CAF-6FE7-4C9B-9DD9-B56143E139BA}.Debug|Mixed Platforms.Build.0 = Debug|x86
		{531A5CAF-6FE7-4C9B-9DD9-B56143E139BA}.Debug|x64.ActiveCfg = Debug|Any CPU
		{531A5CAF-6FE7-4C9B-9DD9-B56143E139BA}.Debug|x86.ActiveCfg = Debug|x86
		{531A5CAF-6FE7-4C9B-9DD9-B56143E139BA}.Debug|x86.Build.0 = Debug|x86
		{531A5CAF-6FE7-4C9B-9DD9-B56143E139BA}.Release No Tests|Any CPU.ActiveCfg = Release|x86
		{531A5CAF-6FE7-4C9B-9DD9-B56143E139BA}.Release No Tests|Mixed Platforms.ActiveCfg = Release|x86
		{531A5CAF-6FE7-4C9B-9DD9-B56143E139BA}.Release No Tests|Mixed Platforms.Build.0 = Release|x86
		{531A5CAF-6FE7-4C9B-9DD9-B56143E139BA}.Release No Tests|x64.ActiveCfg = Release|x86
		{531A5CAF-6FE7-4C9B-9DD9-B56143E139BA}.Release No Tests|x86.ActiveCfg = Release|x86
		{531A5CAF-6FE7-4C9B-9DD9-B56143E139BA}.Release No Tests|x86.Build.0 = Release|x86
		{531A5CAF-6FE7-4C9B-9DD9-B56143E139BA}.Release|Any CPU.ActiveCfg = Release|Any CPU
		{531A5CAF-6FE7-4C9B-9DD9-B56143E139BA}.Release|Any CPU.Build.0 = Release|Any CPU
		{531A5CAF-6FE7-4C9B-9DD9-B56143E139BA}.Release|Mixed Platforms.ActiveCfg = Release|x86
		{531A5CAF-6FE7-4C9B-9DD9-B56143E139BA}.Release|Mixed Platforms.Build.0 = Release|x86
		{531A5CAF-6FE7-4C9B-9DD9-B56143E139BA}.Release|x64.ActiveCfg = Release|Any CPU
		{531A5CAF-6FE7-4C9B-9DD9-B56143E139BA}.Release|x86.ActiveCfg = Release|x86
		{531A5CAF-6FE7-4C9B-9DD9-B56143E139BA}.Release|x86.Build.0 = Release|x86
		{B0D7026A-FE0C-44D6-BCE8-BF45857727E7}.Debug Minimal|Any CPU.ActiveCfg = Debug|x86
		{B0D7026A-FE0C-44D6-BCE8-BF45857727E7}.Debug Minimal|Mixed Platforms.ActiveCfg = Debug|x86
		{B0D7026A-FE0C-44D6-BCE8-BF45857727E7}.Debug Minimal|Mixed Platforms.Build.0 = Debug|x86
		{B0D7026A-FE0C-44D6-BCE8-BF45857727E7}.Debug Minimal|x64.ActiveCfg = Debug|x86
		{B0D7026A-FE0C-44D6-BCE8-BF45857727E7}.Debug Minimal|x86.ActiveCfg = Debug|x86
		{B0D7026A-FE0C-44D6-BCE8-BF45857727E7}.Debug Minimal|x86.Build.0 = Debug|x86
		{B0D7026A-FE0C-44D6-BCE8-BF45857727E7}.Debug No Tests|Any CPU.ActiveCfg = Debug|x86
		{B0D7026A-FE0C-44D6-BCE8-BF45857727E7}.Debug No Tests|Mixed Platforms.ActiveCfg = Debug|x86
		{B0D7026A-FE0C-44D6-BCE8-BF45857727E7}.Debug No Tests|Mixed Platforms.Build.0 = Debug|x86
		{B0D7026A-FE0C-44D6-BCE8-BF45857727E7}.Debug No Tests|x64.ActiveCfg = Debug|x86
		{B0D7026A-FE0C-44D6-BCE8-BF45857727E7}.Debug No Tests|x86.ActiveCfg = Debug|x86
		{B0D7026A-FE0C-44D6-BCE8-BF45857727E7}.Debug No Tests|x86.Build.0 = Debug|x86
		{B0D7026A-FE0C-44D6-BCE8-BF45857727E7}.Debug on Surface|Any CPU.ActiveCfg = Debug|x86
		{B0D7026A-FE0C-44D6-BCE8-BF45857727E7}.Debug on Surface|Mixed Platforms.ActiveCfg = Debug|x86
		{B0D7026A-FE0C-44D6-BCE8-BF45857727E7}.Debug on Surface|Mixed Platforms.Build.0 = Debug|x86
		{B0D7026A-FE0C-44D6-BCE8-BF45857727E7}.Debug on Surface|x64.ActiveCfg = Debug|x86
		{B0D7026A-FE0C-44D6-BCE8-BF45857727E7}.Debug on Surface|x86.ActiveCfg = Debug|x86
		{B0D7026A-FE0C-44D6-BCE8-BF45857727E7}.Debug on Surface|x86.Build.0 = Debug|x86
		{B0D7026A-FE0C-44D6-BCE8-BF45857727E7}.Debug|Any CPU.ActiveCfg = Debug|x86
		{B0D7026A-FE0C-44D6-BCE8-BF45857727E7}.Debug|Any CPU.Build.0 = Debug|x86
		{B0D7026A-FE0C-44D6-BCE8-BF45857727E7}.Debug|Mixed Platforms.ActiveCfg = Debug|x86
		{B0D7026A-FE0C-44D6-BCE8-BF45857727E7}.Debug|Mixed Platforms.Build.0 = Debug|x86
		{B0D7026A-FE0C-44D6-BCE8-BF45857727E7}.Debug|x64.ActiveCfg = Debug|Any CPU
		{B0D7026A-FE0C-44D6-BCE8-BF45857727E7}.Debug|x86.ActiveCfg = Debug|x86
		{B0D7026A-FE0C-44D6-BCE8-BF45857727E7}.Debug|x86.Build.0 = Debug|x86
		{B0D7026A-FE0C-44D6-BCE8-BF45857727E7}.Release No Tests|Any CPU.ActiveCfg = Release|x86
		{B0D7026A-FE0C-44D6-BCE8-BF45857727E7}.Release No Tests|Mixed Platforms.ActiveCfg = Release|x86
		{B0D7026A-FE0C-44D6-BCE8-BF45857727E7}.Release No Tests|Mixed Platforms.Build.0 = Release|x86
		{B0D7026A-FE0C-44D6-BCE8-BF45857727E7}.Release No Tests|x64.ActiveCfg = Release|x86
		{B0D7026A-FE0C-44D6-BCE8-BF45857727E7}.Release No Tests|x86.ActiveCfg = Release|x86
		{B0D7026A-FE0C-44D6-BCE8-BF45857727E7}.Release No Tests|x86.Build.0 = Release|x86
		{B0D7026A-FE0C-44D6-BCE8-BF45857727E7}.Release|Any CPU.ActiveCfg = Release|Any CPU
		{B0D7026A-FE0C-44D6-BCE8-BF45857727E7}.Release|Any CPU.Build.0 = Release|Any CPU
		{B0D7026A-FE0C-44D6-BCE8-BF45857727E7}.Release|Mixed Platforms.ActiveCfg = Release|x86
		{B0D7026A-FE0C-44D6-BCE8-BF45857727E7}.Release|Mixed Platforms.Build.0 = Release|x86
		{B0D7026A-FE0C-44D6-BCE8-BF45857727E7}.Release|x64.ActiveCfg = Release|Any CPU
		{B0D7026A-FE0C-44D6-BCE8-BF45857727E7}.Release|x86.ActiveCfg = Release|x86
		{B0D7026A-FE0C-44D6-BCE8-BF45857727E7}.Release|x86.Build.0 = Release|x86
		{0CC30D5C-732D-45F9-A541-B49C266DA23A}.Debug Minimal|Any CPU.ActiveCfg = Debug|x86
		{0CC30D5C-732D-45F9-A541-B49C266DA23A}.Debug Minimal|Mixed Platforms.ActiveCfg = Debug|x86
		{0CC30D5C-732D-45F9-A541-B49C266DA23A}.Debug Minimal|Mixed Platforms.Build.0 = Debug|x86
		{0CC30D5C-732D-45F9-A541-B49C266DA23A}.Debug Minimal|x64.ActiveCfg = Debug|x86
		{0CC30D5C-732D-45F9-A541-B49C266DA23A}.Debug Minimal|x86.ActiveCfg = Debug|x86
		{0CC30D5C-732D-45F9-A541-B49C266DA23A}.Debug Minimal|x86.Build.0 = Debug|x86
		{0CC30D5C-732D-45F9-A541-B49C266DA23A}.Debug No Tests|Any CPU.ActiveCfg = Debug|x86
		{0CC30D5C-732D-45F9-A541-B49C266DA23A}.Debug No Tests|Mixed Platforms.ActiveCfg = Debug|x86
		{0CC30D5C-732D-45F9-A541-B49C266DA23A}.Debug No Tests|Mixed Platforms.Build.0 = Debug|x86
		{0CC30D5C-732D-45F9-A541-B49C266DA23A}.Debug No Tests|x64.ActiveCfg = Debug|x86
		{0CC30D5C-732D-45F9-A541-B49C266DA23A}.Debug No Tests|x86.ActiveCfg = Debug|x86
		{0CC30D5C-732D-45F9-A541-B49C266DA23A}.Debug No Tests|x86.Build.0 = Debug|x86
		{0CC30D5C-732D-45F9-A541-B49C266DA23A}.Debug on Surface|Any CPU.ActiveCfg = Debug|x86
		{0CC30D5C-732D-45F9-A541-B49C266DA23A}.Debug on Surface|Mixed Platforms.ActiveCfg = Debug|x86
		{0CC30D5C-732D-45F9-A541-B49C266DA23A}.Debug on Surface|Mixed Platforms.Build.0 = Debug|x86
		{0CC30D5C-732D-45F9-A541-B49C266DA23A}.Debug on Surface|x64.ActiveCfg = Debug|x86
		{0CC30D5C-732D-45F9-A541-B49C266DA23A}.Debug on Surface|x86.ActiveCfg = Debug|x86
		{0CC30D5C-732D-45F9-A541-B49C266DA23A}.Debug on Surface|x86.Build.0 = Debug|x86
		{0CC30D5C-732D-45F9-A541-B49C266DA23A}.Debug|Any CPU.ActiveCfg = Debug|Any CPU
		{0CC30D5C-732D-45F9-A541-B49C266DA23A}.Debug|Any CPU.Build.0 = Debug|Any CPU
		{0CC30D5C-732D-45F9-A541-B49C266DA23A}.Debug|Mixed Platforms.ActiveCfg = Debug|x86
		{0CC30D5C-732D-45F9-A541-B49C266DA23A}.Debug|Mixed Platforms.Build.0 = Debug|x86
		{0CC30D5C-732D-45F9-A541-B49C266DA23A}.Debug|x64.ActiveCfg = Debug|x86
		{0CC30D5C-732D-45F9-A541-B49C266DA23A}.Debug|x86.ActiveCfg = Debug|x86
		{0CC30D5C-732D-45F9-A541-B49C266DA23A}.Debug|x86.Build.0 = Debug|x86
		{0CC30D5C-732D-45F9-A541-B49C266DA23A}.Release No Tests|Any CPU.ActiveCfg = Release|x86
		{0CC30D5C-732D-45F9-A541-B49C266DA23A}.Release No Tests|Mixed Platforms.ActiveCfg = Release|x86
		{0CC30D5C-732D-45F9-A541-B49C266DA23A}.Release No Tests|Mixed Platforms.Build.0 = Release|x86
		{0CC30D5C-732D-45F9-A541-B49C266DA23A}.Release No Tests|x64.ActiveCfg = Release|x86
		{0CC30D5C-732D-45F9-A541-B49C266DA23A}.Release No Tests|x86.ActiveCfg = Release|x86
		{0CC30D5C-732D-45F9-A541-B49C266DA23A}.Release No Tests|x86.Build.0 = Release|x86
		{0CC30D5C-732D-45F9-A541-B49C266DA23A}.Release|Any CPU.ActiveCfg = Release|Any CPU
		{0CC30D5C-732D-45F9-A541-B49C266DA23A}.Release|Any CPU.Build.0 = Release|Any CPU
		{0CC30D5C-732D-45F9-A541-B49C266DA23A}.Release|Mixed Platforms.ActiveCfg = Release|x86
		{0CC30D5C-732D-45F9-A541-B49C266DA23A}.Release|Mixed Platforms.Build.0 = Release|x86
		{0CC30D5C-732D-45F9-A541-B49C266DA23A}.Release|x64.ActiveCfg = Release|x86
		{0CC30D5C-732D-45F9-A541-B49C266DA23A}.Release|x86.ActiveCfg = Release|x86
		{0CC30D5C-732D-45F9-A541-B49C266DA23A}.Release|x86.Build.0 = Release|x86
		{0572F11C-04A9-47C7-90BE-BFD14AF269A0}.Debug Minimal|Any CPU.ActiveCfg = Debug|Any CPU
		{0572F11C-04A9-47C7-90BE-BFD14AF269A0}.Debug Minimal|Any CPU.Build.0 = Debug|Any CPU
		{0572F11C-04A9-47C7-90BE-BFD14AF269A0}.Debug Minimal|Mixed Platforms.ActiveCfg = Debug|Any CPU
		{0572F11C-04A9-47C7-90BE-BFD14AF269A0}.Debug Minimal|Mixed Platforms.Build.0 = Debug|Any CPU
		{0572F11C-04A9-47C7-90BE-BFD14AF269A0}.Debug Minimal|x64.ActiveCfg = Debug|Any CPU
		{0572F11C-04A9-47C7-90BE-BFD14AF269A0}.Debug Minimal|x86.ActiveCfg = Debug|Any CPU
		{0572F11C-04A9-47C7-90BE-BFD14AF269A0}.Debug No Tests|Any CPU.ActiveCfg = Debug|Any CPU
		{0572F11C-04A9-47C7-90BE-BFD14AF269A0}.Debug No Tests|Any CPU.Build.0 = Debug|Any CPU
		{0572F11C-04A9-47C7-90BE-BFD14AF269A0}.Debug No Tests|Mixed Platforms.ActiveCfg = Debug|Any CPU
		{0572F11C-04A9-47C7-90BE-BFD14AF269A0}.Debug No Tests|Mixed Platforms.Build.0 = Debug|Any CPU
		{0572F11C-04A9-47C7-90BE-BFD14AF269A0}.Debug No Tests|x64.ActiveCfg = Debug|Any CPU
		{0572F11C-04A9-47C7-90BE-BFD14AF269A0}.Debug No Tests|x86.ActiveCfg = Debug|Any CPU
		{0572F11C-04A9-47C7-90BE-BFD14AF269A0}.Debug on Surface|Any CPU.ActiveCfg = Debug|Any CPU
		{0572F11C-04A9-47C7-90BE-BFD14AF269A0}.Debug on Surface|Any CPU.Build.0 = Debug|Any CPU
		{0572F11C-04A9-47C7-90BE-BFD14AF269A0}.Debug on Surface|Mixed Platforms.ActiveCfg = Debug|Any CPU
		{0572F11C-04A9-47C7-90BE-BFD14AF269A0}.Debug on Surface|Mixed Platforms.Build.0 = Debug|Any CPU
		{0572F11C-04A9-47C7-90BE-BFD14AF269A0}.Debug on Surface|x64.ActiveCfg = Debug|Any CPU
		{0572F11C-04A9-47C7-90BE-BFD14AF269A0}.Debug on Surface|x86.ActiveCfg = Debug|Any CPU
		{0572F11C-04A9-47C7-90BE-BFD14AF269A0}.Debug|Any CPU.ActiveCfg = Debug|Any CPU
		{0572F11C-04A9-47C7-90BE-BFD14AF269A0}.Debug|Any CPU.Build.0 = Debug|Any CPU
		{0572F11C-04A9-47C7-90BE-BFD14AF269A0}.Debug|Mixed Platforms.ActiveCfg = Debug|Any CPU
		{0572F11C-04A9-47C7-90BE-BFD14AF269A0}.Debug|Mixed Platforms.Build.0 = Debug|Any CPU
		{0572F11C-04A9-47C7-90BE-BFD14AF269A0}.Debug|x64.ActiveCfg = Debug|Any CPU
		{0572F11C-04A9-47C7-90BE-BFD14AF269A0}.Debug|x86.ActiveCfg = Debug|x86
		{0572F11C-04A9-47C7-90BE-BFD14AF269A0}.Debug|x86.Build.0 = Debug|x86
		{0572F11C-04A9-47C7-90BE-BFD14AF269A0}.Release No Tests|Any CPU.ActiveCfg = Release|Any CPU
		{0572F11C-04A9-47C7-90BE-BFD14AF269A0}.Release No Tests|Any CPU.Build.0 = Release|Any CPU
		{0572F11C-04A9-47C7-90BE-BFD14AF269A0}.Release No Tests|Mixed Platforms.ActiveCfg = Release|Any CPU
		{0572F11C-04A9-47C7-90BE-BFD14AF269A0}.Release No Tests|Mixed Platforms.Build.0 = Release|Any CPU
		{0572F11C-04A9-47C7-90BE-BFD14AF269A0}.Release No Tests|x64.ActiveCfg = Release|Any CPU
		{0572F11C-04A9-47C7-90BE-BFD14AF269A0}.Release No Tests|x86.ActiveCfg = Release|Any CPU
		{0572F11C-04A9-47C7-90BE-BFD14AF269A0}.Release|Any CPU.ActiveCfg = Release|Any CPU
		{0572F11C-04A9-47C7-90BE-BFD14AF269A0}.Release|Any CPU.Build.0 = Release|Any CPU
		{0572F11C-04A9-47C7-90BE-BFD14AF269A0}.Release|Mixed Platforms.ActiveCfg = Release|Any CPU
		{0572F11C-04A9-47C7-90BE-BFD14AF269A0}.Release|Mixed Platforms.Build.0 = Release|Any CPU
		{0572F11C-04A9-47C7-90BE-BFD14AF269A0}.Release|x64.ActiveCfg = Release|Any CPU
		{0572F11C-04A9-47C7-90BE-BFD14AF269A0}.Release|x86.ActiveCfg = Release|x86
		{0572F11C-04A9-47C7-90BE-BFD14AF269A0}.Release|x86.Build.0 = Release|x86
	EndGlobalSection
	GlobalSection(SolutionProperties) = preSolution
		HideSolutionNode = FALSE
	EndGlobalSection
	GlobalSection(NestedProjects) = preSolution
		{2BF1E910-550F-47ED-9242-50E1CB22C63B} = {1AA48D5B-6A4B-4CA9-9CE7-6D548EA69D3E}
	EndGlobalSection
EndGlobal
